
Microsoft Visual Studio Solution File, Format Version 12.00
# Visual Studio Version 16
VisualStudioVersion = 16.0.31313.79
MinimumVisualStudioVersion = 10.0.40219.1
Project("{9A19103F-16F7-4668-BE54-9A1E7A4F7556}") = "MyWebServer", "MyWebServer\MyWebServer.csproj", "{2F24FFA5-9A83-4753-8981-45821D26B8FF}"
EndProject
Project("{FAE04EC0-301F-11D3-BF4B-00C04F79EFBC}") = "MyWebServer.Server", "MyWebServer.Server\MyWebServer.Server.csproj", "{FFC0690A-BC25-446D-833B-701BDEDF45C3}"
EndProject
Global
	GlobalSection(SolutionConfigurationPlatforms) = preSolution
		Debug|Any CPU = Debug|Any CPU
		Release|Any CPU = Release|Any CPU
	EndGlobalSection
	GlobalSection(ProjectConfigurationPlatforms) = postSolution
		{2F24FFA5-9A83-4753-8981-45821D26B8FF}.Debug|Any CPU.ActiveCfg = Debug|Any CPU
		{2F24FFA5-9A83-4753-8981-45821D26B8FF}.Debug|Any CPU.Build.0 = Debug|Any CPU
		{2F24FFA5-9A83-4753-8981-45821D26B8FF}.Release|Any CPU.ActiveCfg = Release|Any CPU
		{2F24FFA5-9A83-4753-8981-45821D26B8FF}.Release|Any CPU.Build.0 = Release|Any CPU
		{FFC0690A-BC25-446D-833B-701BDEDF45C3}.Debug|Any CPU.ActiveCfg = Debug|Any CPU
		{FFC0690A-BC25-446D-833B-701BDEDF45C3}.Debug|Any CPU.Build.0 = Debug|Any CPU
		{FFC0690A-BC25-446D-833B-701BDEDF45C3}.Release|Any CPU.ActiveCfg = Release|Any CPU
		{FFC0690A-BC25-446D-833B-701BDEDF45C3}.Release|Any CPU.Build.0 = Release|Any CPU
	EndGlobalSection
	GlobalSection(SolutionProperties) = preSolution
		HideSolutionNode = FALSE
	EndGlobalSection
	GlobalSection(ExtensibilityGlobals) = postSolution
		SolutionGuid = {8C2D7CA4-1F6C-4B07-B4EB-557ED7641C77}
	EndGlobalSection
EndGlobal
